
Microsoft Visual Studio Solution File, Format Version 12.00
# Visual Studio 15
VisualStudioVersion = 15.0.27703.2047
MinimumVisualStudioVersion = 10.0.40219.1
Project("{8BC9CEB8-8B4A-11D0-8D11-00A0C91BC942}") = "PP01.HelloSDL", "PP01.HelloSDL\PP01.HelloSDL.vcxproj", "{2594688B-7D6A-4333-805C-2C55EB290D92}"
EndProject
Project("{8BC9CEB8-8B4A-11D0-8D11-00A0C91BC942}") = "PP02.BreakUpHelloSDL", "PP02.BreakUpHelloSDL\PP02.BreakUpHelloSDL.vcxproj", "{C273A50B-857B-4966-8F19-985D569D1C7E}"
EndProject
Project("{8BC9CEB8-8B4A-11D0-8D11-00A0C91BC942}") = "PP03.GameClass", "PP03.GameClass\PP03.GameClass.vcxproj", "{57908800-C606-4D21-8C39-A363BDC88BE6}"
EndProject
Project("{8BC9CEB8-8B4A-11D0-8D11-00A0C91BC942}") = "PP04.basicDrawing", "PP04.basicDrawing\PP04.basicDrawing.vcxproj", "{74EFAEE5-421C-4A16-9210-16418636A80C}"
EndProject
Project("{8BC9CEB8-8B4A-11D0-8D11-00A0C91BC942}") = "PP05.AnimatingSprite", "PP05.AnimatingSprite\PP05.AnimatingSprite.vcxproj", "{55E66A7C-3A34-4575-BEF3-2AD301F86D26}"
EndProject
Project("{8BC9CEB8-8B4A-11D0-8D11-00A0C91BC942}") = "PP06.ImageSprite", "PP06.ImageSprite\PP06.ImageSprite.vcxproj", "{A73AE618-269C-4CBB-B3E6-C4C89651A1CC}"
EndProject
Project("{8BC9CEB8-8B4A-11D0-8D11-00A0C91BC942}") = "PP07.TextureManager", "PP07.TextureManager\PP07.TextureManager.vcxproj", "{8B791189-FECA-4BB6-AE80-292DC539B60D}"
EndProject
Project("{8BC9CEB8-8B4A-11D0-8D11-00A0C91BC942}") = "PP08.SingletonTM", "PP08.SingletonTM\PP08.SingletonTM.vcxproj", "{9233EF3C-CF39-4AE4-B212-C106F2236C55}"
EndProject
Project("{8BC9CEB8-8B4A-11D0-8D11-00A0C91BC942}") = "PP09.Inheritance", "PP09.Inheritance\PP09.Inheritance.vcxproj", "{068D4BE3-2BEA-49CC-9D48-0595B5E08904}"
EndProject
Project("{8BC9CEB8-8B4A-11D0-8D11-00A0C91BC942}") = "PP10.Polymorphism", "PP10.Polymorphism\PP10.Polymorphism.vcxproj", "{9C9277AB-1649-4934-9AD0-55BB6B3F3F20}"
EndProject
Project("{8BC9CEB8-8B4A-11D0-8D11-00A0C91BC942}") = "PP11.AbstractClass", "PP11.AbstractClass\PP11.AbstractClass.vcxproj", "{C5B93E15-580F-49A7-BAF5-4B9FD5E4A04D}"
EndProject
Project("{8BC9CEB8-8B4A-11D0-8D11-00A0C91BC942}") = "PP12.Vector2D", "PP12.Vector2D\PP12.Vector2D.vcxproj", "{93BE2FAB-22EE-4DA4-A0B6-CCFBFEDB57F9}"
EndProject
Project("{8BC9CEB8-8B4A-11D0-8D11-00A0C91BC942}") = "PP13.KInputHandler", "PP13.KInputHandler\PP13.KInputHandler.vcxproj", "{D260DE95-6932-4B13-99FB-F245C921CB08}"
EndProject
Project("{8BC9CEB8-8B4A-11D0-8D11-00A0C91BC942}") = "PP14.MInputHandler", "PP14.MInputHandler\PP14.MInputHandler.vcxproj", "{AA2C64F0-B881-4FBF-8FF4-48F1781F0602}"
EndProject
Project("{8BC9CEB8-8B4A-11D0-8D11-00A0C91BC942}") = "PP15.FSM", "PP15.FSM\PP15.FSM.vcxproj", "{A0E05B5E-CDA7-4739-8BDD-5149ABBB21C2}"
EndProject
Global
	GlobalSection(SolutionConfigurationPlatforms) = preSolution
		Debug|x64 = Debug|x64
		Debug|x86 = Debug|x86
		Release|x64 = Release|x64
		Release|x86 = Release|x86
	EndGlobalSection
	GlobalSection(ProjectConfigurationPlatforms) = postSolution
		{2594688B-7D6A-4333-805C-2C55EB290D92}.Debug|x64.ActiveCfg = Debug|x64
		{2594688B-7D6A-4333-805C-2C55EB290D92}.Debug|x64.Build.0 = Debug|x64
		{2594688B-7D6A-4333-805C-2C55EB290D92}.Debug|x86.ActiveCfg = Debug|Win32
		{2594688B-7D6A-4333-805C-2C55EB290D92}.Debug|x86.Build.0 = Debug|Win32
		{2594688B-7D6A-4333-805C-2C55EB290D92}.Release|x64.ActiveCfg = Release|x64
		{2594688B-7D6A-4333-805C-2C55EB290D92}.Release|x64.Build.0 = Release|x64
		{2594688B-7D6A-4333-805C-2C55EB290D92}.Release|x86.ActiveCfg = Release|Win32
		{2594688B-7D6A-4333-805C-2C55EB290D92}.Release|x86.Build.0 = Release|Win32
		{C273A50B-857B-4966-8F19-985D569D1C7E}.Debug|x64.ActiveCfg = Debug|x64
		{C273A50B-857B-4966-8F19-985D569D1C7E}.Debug|x64.Build.0 = Debug|x64
		{C273A50B-857B-4966-8F19-985D569D1C7E}.Debug|x86.ActiveCfg = Debug|Win32
		{C273A50B-857B-4966-8F19-985D569D1C7E}.Debug|x86.Build.0 = Debug|Win32
		{C273A50B-857B-4966-8F19-985D569D1C7E}.Release|x64.ActiveCfg = Release|x64
		{C273A50B-857B-4966-8F19-985D569D1C7E}.Release|x64.Build.0 = Release|x64
		{C273A50B-857B-4966-8F19-985D569D1C7E}.Release|x86.ActiveCfg = Release|Win32
		{C273A50B-857B-4966-8F19-985D569D1C7E}.Release|x86.Build.0 = Release|Win32
		{57908800-C606-4D21-8C39-A363BDC88BE6}.Debug|x64.ActiveCfg = Debug|x64
		{57908800-C606-4D21-8C39-A363BDC88BE6}.Debug|x64.Build.0 = Debug|x64
		{57908800-C606-4D21-8C39-A363BDC88BE6}.Debug|x86.ActiveCfg = Debug|Win32
		{57908800-C606-4D21-8C39-A363BDC88BE6}.Debug|x86.Build.0 = Debug|Win32
		{57908800-C606-4D21-8C39-A363BDC88BE6}.Release|x64.ActiveCfg = Release|x64
		{57908800-C606-4D21-8C39-A363BDC88BE6}.Release|x64.Build.0 = Release|x64
		{57908800-C606-4D21-8C39-A363BDC88BE6}.Release|x86.ActiveCfg = Release|Win32
		{57908800-C606-4D21-8C39-A363BDC88BE6}.Release|x86.Build.0 = Release|Win32
		{74EFAEE5-421C-4A16-9210-16418636A80C}.Debug|x64.ActiveCfg = Debug|x64
		{74EFAEE5-421C-4A16-9210-16418636A80C}.Debug|x64.Build.0 = Debug|x64
		{74EFAEE5-421C-4A16-9210-16418636A80C}.Debug|x86.ActiveCfg = Debug|Win32
		{74EFAEE5-421C-4A16-9210-16418636A80C}.Debug|x86.Build.0 = Debug|Win32
		{74EFAEE5-421C-4A16-9210-16418636A80C}.Release|x64.ActiveCfg = Release|x64
		{74EFAEE5-421C-4A16-9210-16418636A80C}.Release|x64.Build.0 = Release|x64
		{74EFAEE5-421C-4A16-9210-16418636A80C}.Release|x86.ActiveCfg = Release|Win32
		{74EFAEE5-421C-4A16-9210-16418636A80C}.Release|x86.Build.0 = Release|Win32
		{55E66A7C-3A34-4575-BEF3-2AD301F86D26}.Debug|x64.ActiveCfg = Debug|x64
		{55E66A7C-3A34-4575-BEF3-2AD301F86D26}.Debug|x64.Build.0 = Debug|x64
		{55E66A7C-3A34-4575-BEF3-2AD301F86D26}.Debug|x86.ActiveCfg = Debug|Win32
		{55E66A7C-3A34-4575-BEF3-2AD301F86D26}.Debug|x86.Build.0 = Debug|Win32
		{55E66A7C-3A34-4575-BEF3-2AD301F86D26}.Release|x64.ActiveCfg = Release|x64
		{55E66A7C-3A34-4575-BEF3-2AD301F86D26}.Release|x64.Build.0 = Release|x64
		{55E66A7C-3A34-4575-BEF3-2AD301F86D26}.Release|x86.ActiveCfg = Release|Win32
		{55E66A7C-3A34-4575-BEF3-2AD301F86D26}.Release|x86.Build.0 = Release|Win32
		{A73AE618-269C-4CBB-B3E6-C4C89651A1CC}.Debug|x64.ActiveCfg = Debug|x64
		{A73AE618-269C-4CBB-B3E6-C4C89651A1CC}.Debug|x64.Build.0 = Debug|x64
		{A73AE618-269C-4CBB-B3E6-C4C89651A1CC}.Debug|x86.ActiveCfg = Debug|Win32
		{A73AE618-269C-4CBB-B3E6-C4C89651A1CC}.Debug|x86.Build.0 = Debug|Win32
		{A73AE618-269C-4CBB-B3E6-C4C89651A1CC}.Release|x64.ActiveCfg = Release|x64
		{A73AE618-269C-4CBB-B3E6-C4C89651A1CC}.Release|x64.Build.0 = Release|x64
		{A73AE618-269C-4CBB-B3E6-C4C89651A1CC}.Release|x86.ActiveCfg = Release|Win32
		{A73AE618-269C-4CBB-B3E6-C4C89651A1CC}.Release|x86.Build.0 = Release|Win32
		{8B791189-FECA-4BB6-AE80-292DC539B60D}.Debug|x64.ActiveCfg = Debug|x64
		{8B791189-FECA-4BB6-AE80-292DC539B60D}.Debug|x64.Build.0 = Debug|x64
		{8B791189-FECA-4BB6-AE80-292DC539B60D}.Debug|x86.ActiveCfg = Debug|Win32
		{8B791189-FECA-4BB6-AE80-292DC539B60D}.Debug|x86.Build.0 = Debug|Win32
		{8B791189-FECA-4BB6-AE80-292DC539B60D}.Release|x64.ActiveCfg = Release|x64
		{8B791189-FECA-4BB6-AE80-292DC539B60D}.Release|x64.Build.0 = Release|x64
		{8B791189-FECA-4BB6-AE80-292DC539B60D}.Release|x86.ActiveCfg = Release|Win32
		{8B791189-FECA-4BB6-AE80-292DC539B60D}.Release|x86.Build.0 = Release|Win32
		{9233EF3C-CF39-4AE4-B212-C106F2236C55}.Debug|x64.ActiveCfg = Debug|x64
		{9233EF3C-CF39-4AE4-B212-C106F2236C55}.Debug|x64.Build.0 = Debug|x64
		{9233EF3C-CF39-4AE4-B212-C106F2236C55}.Debug|x86.ActiveCfg = Debug|Win32
		{9233EF3C-CF39-4AE4-B212-C106F2236C55}.Debug|x86.Build.0 = Debug|Win32
		{9233EF3C-CF39-4AE4-B212-C106F2236C55}.Release|x64.ActiveCfg = Release|x64
		{9233EF3C-CF39-4AE4-B212-C106F2236C55}.Release|x64.Build.0 = Release|x64
		{9233EF3C-CF39-4AE4-B212-C106F2236C55}.Release|x86.ActiveCfg = Release|Win32
		{9233EF3C-CF39-4AE4-B212-C106F2236C55}.Release|x86.Build.0 = Release|Win32
		{068D4BE3-2BEA-49CC-9D48-0595B5E08904}.Debug|x64.ActiveCfg = Debug|x64
		{068D4BE3-2BEA-49CC-9D48-0595B5E08904}.Debug|x64.Build.0 = Debug|x64
		{068D4BE3-2BEA-49CC-9D48-0595B5E08904}.Debug|x86.ActiveCfg = Debug|Win32
		{068D4BE3-2BEA-49CC-9D48-0595B5E08904}.Debug|x86.Build.0 = Debug|Win32
		{068D4BE3-2BEA-49CC-9D48-0595B5E08904}.Release|x64.ActiveCfg = Release|x64
		{068D4BE3-2BEA-49CC-9D48-0595B5E08904}.Release|x64.Build.0 = Release|x64
		{068D4BE3-2BEA-49CC-9D48-0595B5E08904}.Release|x86.ActiveCfg = Release|Win32
		{068D4BE3-2BEA-49CC-9D48-0595B5E08904}.Release|x86.Build.0 = Release|Win32
		{9C9277AB-1649-4934-9AD0-55BB6B3F3F20}.Debug|x64.ActiveCfg = Debug|x64
		{9C9277AB-1649-4934-9AD0-55BB6B3F3F20}.Debug|x64.Build.0 = Debug|x64
		{9C9277AB-1649-4934-9AD0-55BB6B3F3F20}.Debug|x86.ActiveCfg = Debug|Win32
		{9C9277AB-1649-4934-9AD0-55BB6B3F3F20}.Debug|x86.Build.0 = Debug|Win32
		{9C9277AB-1649-4934-9AD0-55BB6B3F3F20}.Release|x64.ActiveCfg = Release|x64
		{9C9277AB-1649-4934-9AD0-55BB6B3F3F20}.Release|x64.Build.0 = Release|x64
		{9C9277AB-1649-4934-9AD0-55BB6B3F3F20}.Release|x86.ActiveCfg = Release|Win32
		{9C9277AB-1649-4934-9AD0-55BB6B3F3F20}.Release|x86.Build.0 = Release|Win32
		{C5B93E15-580F-49A7-BAF5-4B9FD5E4A04D}.Debug|x64.ActiveCfg = Debug|x64
		{C5B93E15-580F-49A7-BAF5-4B9FD5E4A04D}.Debug|x64.Build.0 = Debug|x64
		{C5B93E15-580F-49A7-BAF5-4B9FD5E4A04D}.Debug|x86.ActiveCfg = Debug|Win32
		{C5B93E15-580F-49A7-BAF5-4B9FD5E4A04D}.Debug|x86.Build.0 = Debug|Win32
		{C5B93E15-580F-49A7-BAF5-4B9FD5E4A04D}.Release|x64.ActiveCfg = Release|x64
		{C5B93E15-580F-49A7-BAF5-4B9FD5E4A04D}.Release|x64.Build.0 = Release|x64
		{C5B93E15-580F-49A7-BAF5-4B9FD5E4A04D}.Release|x86.ActiveCfg = Release|Win32
		{C5B93E15-580F-49A7-BAF5-4B9FD5E4A04D}.Release|x86.Build.0 = Release|Win32
		{93BE2FAB-22EE-4DA4-A0B6-CCFBFEDB57F9}.Debug|x64.ActiveCfg = Debug|x64
		{93BE2FAB-22EE-4DA4-A0B6-CCFBFEDB57F9}.Debug|x64.Build.0 = Debug|x64
		{93BE2FAB-22EE-4DA4-A0B6-CCFBFEDB57F9}.Debug|x86.ActiveCfg = Debug|Win32
		{93BE2FAB-22EE-4DA4-A0B6-CCFBFEDB57F9}.Debug|x86.Build.0 = Debug|Win32
		{93BE2FAB-22EE-4DA4-A0B6-CCFBFEDB57F9}.Release|x64.ActiveCfg = Release|x64
		{93BE2FAB-22EE-4DA4-A0B6-CCFBFEDB57F9}.Release|x64.Build.0 = Release|x64
		{93BE2FAB-22EE-4DA4-A0B6-CCFBFEDB57F9}.Release|x86.ActiveCfg = Release|Win32
		{93BE2FAB-22EE-4DA4-A0B6-CCFBFEDB57F9}.Release|x86.Build.0 = Release|Win32
		{D260DE95-6932-4B13-99FB-F245C921CB08}.Debug|x64.ActiveCfg = Debug|x64
		{D260DE95-6932-4B13-99FB-F245C921CB08}.Debug|x64.Build.0 = Debug|x64
		{D260DE95-6932-4B13-99FB-F245C921CB08}.Debug|x86.ActiveCfg = Debug|Win32
		{D260DE95-6932-4B13-99FB-F245C921CB08}.Debug|x86.Build.0 = Debug|Win32
		{D260DE95-6932-4B13-99FB-F245C921CB08}.Release|x64.ActiveCfg = Release|x64
		{D260DE95-6932-4B13-99FB-F245C921CB08}.Release|x64.Build.0 = Release|x64
		{D260DE95-6932-4B13-99FB-F245C921CB08}.Release|x86.ActiveCfg = Release|Win32
		{D260DE95-6932-4B13-99FB-F245C921CB08}.Release|x86.Build.0 = Release|Win32
		{AA2C64F0-B881-4FBF-8FF4-48F1781F0602}.Debug|x64.ActiveCfg = Debug|x64
		{AA2C64F0-B881-4FBF-8FF4-48F1781F0602}.Debug|x64.Build.0 = Debug|x64
		{AA2C64F0-B881-4FBF-8FF4-48F1781F0602}.Debug|x86.ActiveCfg = Debug|Win32
		{AA2C64F0-B881-4FBF-8FF4-48F1781F0602}.Debug|x86.Build.0 = Debug|Win32
		{AA2C64F0-B881-4FBF-8FF4-48F1781F0602}.Release|x64.ActiveCfg = Release|x64
		{AA2C64F0-B881-4FBF-8FF4-48F1781F0602}.Release|x64.Build.0 = Release|x64
		{AA2C64F0-B881-4FBF-8FF4-48F1781F0602}.Release|x86.ActiveCfg = Release|Win32
		{AA2C64F0-B881-4FBF-8FF4-48F1781F0602}.Release|x86.Build.0 = Release|Win32
		{A0E05B5E-CDA7-4739-8BDD-5149ABBB21C2}.Debug|x64.ActiveCfg = Debug|x64
		{A0E05B5E-CDA7-4739-8BDD-5149ABBB21C2}.Debug|x64.Build.0 = Debug|x64
		{A0E05B5E-CDA7-4739-8BDD-5149ABBB21C2}.Debug|x86.ActiveCfg = Debug|Win32
		{A0E05B5E-CDA7-4739-8BDD-5149ABBB21C2}.Debug|x86.Build.0 = Debug|Win32
		{A0E05B5E-CDA7-4739-8BDD-5149ABBB21C2}.Release|x64.ActiveCfg = Release|x64
		{A0E05B5E-CDA7-4739-8BDD-5149ABBB21C2}.Release|x64.Build.0 = Release|x64
		{A0E05B5E-CDA7-4739-8BDD-5149ABBB21C2}.Release|x86.ActiveCfg = Release|Win32
		{A0E05B5E-CDA7-4739-8BDD-5149ABBB21C2}.Release|x86.Build.0 = Release|Win32
	EndGlobalSection
	GlobalSection(SolutionProperties) = preSolution
		HideSolutionNode = FALSE
	EndGlobalSection
	GlobalSection(ExtensibilityGlobals) = postSolution
		SolutionGuid = {0C11C789-1F70-4D8A-920B-CA993F529442}
	EndGlobalSection
EndGlobal
